<?xml version="1.0" encoding="UTF-8" standalone="yes" ?>
<CodeBlocks_project_file>
	<FileVersion major="1" minor="6" />
	<Project>
		<Option title="Tetris_CodeBlocks_2016" />
		<Option pch_mode="2" />
		<Option compiler="gcc" />
		<Build>
			<Script file="lib_finder.script" />
			<Target title="Debug">
				<Option output="bin/Debug/Tetris_2016_CB_13_12_v0" prefix_auto="1" extension_auto="1" />
				<Option object_output="obj/Debug/" />
				<Option external_deps="allegro-mingw-4.2.2/lib/liballd.a;" />
				<Option type="1" />
				<Option compiler="gcc" />
				<Compiler>
					<Add option="-g" />
				</Compiler>
				<Linker>
					<Add library="allegro-mingw-4.2.2/lib/libaldat.a" />
					<Add library="allegro-mingw-4.2.2/lib/liballd.a" />
					<Add library="allegro-mingw-4.2.2/lib/liballd_s.a" />
					<Add library="allegro-mingw-4.2.2/lib/liballeg.a" />
					<Add library="allegro-mingw-4.2.2/lib/liballeg_s.a" />
					<Add library="allegro-mingw-4.2.2/lib/liballp.a" />
					<Add library="allegro-mingw-4.2.2/lib/liballp_s.a" />
					<Add directory="allegro-mingw-4.2.2/bin" />
				</Linker>
			</Target>
			<Target title="Release">
				<Option output="bin/Release/Tetris_2016_CB_13_12_v0" prefix_auto="1" extension_auto="1" />
				<Option object_output="obj/Release/" />
				<Option type="1" />
				<Option compiler="gcc" />
				<Compiler>
					<Add option="-O2" />
				</Compiler>
				<Linker>
					<Add option="-s" />
				</Linker>
			</Target>
		</Build>
		<Compiler>
			<Add option="-Wall" />
			<Add directory="allegro-mingw-4.2.2/include" />
			<Add directory="allegro-mingw-4.2.2/bin" />
			<Add directory="allegro-mingw-4.2.2/lib" />
		</Compiler>
		<Linker>
			<Add directory="allegro-mingw-4.2.2/bin" />
		</Linker>
		<Unit filename="Glow.h" />
		<Unit filename="main.cpp" />
		<Unit filename="tetris_functions.h" />
		<Extensions>
			<code_completion />
			<envvars />
			<debugger />
			<lib_finder disable_auto="1" />
		</Extensions>
	</Project>
</CodeBlocks_project_file>
